
Microsoft Visual Studio Solution File, Format Version 12.00
# Visual Studio 15
VisualStudioVersion = 15.0.27130.2027
MinimumVisualStudioVersion = 10.0.40219.1
Project("{FAE04EC0-301F-11D3-BF4B-00C04F79EFBC}") = "Praktikum_App", "Praktikum_App\Praktikum_App.csproj", "{4ADD3921-019F-45B4-A1CE-092F9E63E57E}"
EndProject
Global
	GlobalSection(SolutionConfigurationPlatforms) = preSolution
		Debug|Any CPU = Debug|Any CPU
		Release|Any CPU = Release|Any CPU
	EndGlobalSection
	GlobalSection(ProjectConfigurationPlatforms) = postSolution
		{4ADD3921-019F-45B4-A1CE-092F9E63E57E}.Debug|Any CPU.ActiveCfg = Debug|Any CPU
		{4ADD3921-019F-45B4-A1CE-092F9E63E57E}.Debug|Any CPU.Build.0 = Debug|Any CPU
		{4ADD3921-019F-45B4-A1CE-092F9E63E57E}.Release|Any CPU.ActiveCfg = Release|Any CPU
		{4ADD3921-019F-45B4-A1CE-092F9E63E57E}.Release|Any CPU.Build.0 = Release|Any CPU
	EndGlobalSection
	GlobalSection(SolutionProperties) = preSolution
		HideSolutionNode = FALSE
	EndGlobalSection
	GlobalSection(ExtensibilityGlobals) = postSolution
		SolutionGuid = {B69E4C1B-57C1-4C40-B804-495FF6448764}
	EndGlobalSection
EndGlobal
